
Microsoft Visual Studio Solution File, Format Version 12.00
# Visual Studio Version 16
VisualStudioVersion = 16.0.30804.86
MinimumVisualStudioVersion = 10.0.40219.1
Project("{FAE04EC0-301F-11D3-BF4B-00C04F79EFBC}") = "CarDealership", "CarDealership\CarDealership.csproj", "{17073AD2-46A1-4AE2-96E2-6D3DF5338967}"
EndProject
Global
	GlobalSection(SolutionConfigurationPlatforms) = preSolution
		Debug|Any CPU = Debug|Any CPU
		Release|Any CPU = Release|Any CPU
	EndGlobalSection
	GlobalSection(ProjectConfigurationPlatforms) = postSolution
		{17073AD2-46A1-4AE2-96E2-6D3DF5338967}.Debug|Any CPU.ActiveCfg = Debug|Any CPU
		{17073AD2-46A1-4AE2-96E2-6D3DF5338967}.Debug|Any CPU.Build.0 = Debug|Any CPU
		{17073AD2-46A1-4AE2-96E2-6D3DF5338967}.Release|Any CPU.ActiveCfg = Release|Any CPU
		{17073AD2-46A1-4AE2-96E2-6D3DF5338967}.Release|Any CPU.Build.0 = Release|Any CPU
	EndGlobalSection
	GlobalSection(SolutionProperties) = preSolution
		HideSolutionNode = FALSE
	EndGlobalSection
	GlobalSection(ExtensibilityGlobals) = postSolution
		SolutionGuid = {4AAA5753-1DB9-4BE9-8EBC-1270CCD65C0A}
	EndGlobalSection
EndGlobal
